{
  "nodes": {
    "nixos-hardware": {
      "locked": {
        "lastModified": 1655789751,
        "narHash": "sha256-DbL2gn7YwkuX10OdlWfZ/A7zEJztwHh9NMeau1JMTdk=",
        "owner": "NixOS",
        "repo": "nixos-hardware",
        "rev": "f9d8dff4e621f2d7f2b84d9e84bc6359715f971c",
        "type": "github"
      },
      "original": {
        "owner": "NixOS",
        "ref": "master",
        "repo": "nixos-hardware",
        "type": "github"
      }
    },
    "nixpkgs": {
      "locked": {
        "lastModified": 1655807518,
        "narHash": "sha256-5YV29Ry/DpAJc/0Hc/+ISVBAjwHpJvAkeKkcUG5lWsc=",
        "owner": "NixOS",
        "repo": "nixpkgs",
        "rev": "a72d7811be1162dd6804c4e36e5402d76fb6e921",
        "type": "github"
      },
      "original": {
        "owner": "NixOS",
        "ref": "nixos-unstable",
        "repo": "nixpkgs",
        "type": "github"
      }
    },
    "root": {
      "inputs": {
        "nixos-hardware": "nixos-hardware",
        "nixpkgs": "nixpkgs"
      }
    }
  },
  "root": "root",
  "version": 7
}
