{
  "nodes": {
    "attic": {
      "inputs": {
        "crane": "crane",
        "flake-compat": "flake-compat",
        "flake-utils": "flake-utils",
        "nixpkgs": [
          "nixpkgs"
        ],
        "nixpkgs-stable": [
          "nixpkgs-stable"
        ]
      },
      "locked": {
        "lastModified": 1698258239,
        "narHash": "sha256-qnhoYYIJ0L/P7H/f56lQUEvpzNlXh4sxuHpRERV+B44=",
        "owner": "zhaofengli",
        "repo": "attic",
        "rev": "e9918bc6be268da6fa97af6ced15193d8a0421c0",
        "type": "github"
      },
      "original": {
        "owner": "zhaofengli",
        "repo": "attic",
        "type": "github"
      }
    },
    "crane": {
      "inputs": {
        "flake-compat": [
          "attic",
          "flake-compat"
        ],
        "flake-utils": [
          "attic",
          "flake-utils"
        ],
        "nixpkgs": [
          "attic",
          "nixpkgs"
        ],
        "rust-overlay": "rust-overlay"
      },
      "locked": {
        "lastModified": 1677892403,
        "narHash": "sha256-/Wi0L1spSWLFj+UQxN3j0mPYMoc7ZoAujpUF/juFVII=",
        "owner": "ipetkov",
        "repo": "crane",
        "rev": "105e27adb70a9890986b6d543a67761cbc1964a2",
        "type": "github"
      },
      "original": {
        "owner": "ipetkov",
        "repo": "crane",
        "type": "github"
      }
    },
    "flake-compat": {
      "flake": false,
      "locked": {
        "lastModified": 1673956053,
        "narHash": "sha256-4gtG9iQuiKITOjNQQeQIpoIB6b16fm+504Ch3sNKLd8=",
        "owner": "edolstra",
        "repo": "flake-compat",
        "rev": "35bb57c0c8d8b62bbfd284272c928ceb64ddbde9",
        "type": "github"
      },
      "original": {
        "owner": "edolstra",
        "repo": "flake-compat",
        "type": "github"
      }
    },
    "flake-utils": {
      "locked": {
        "lastModified": 1667395993,
        "narHash": "sha256-nuEHfE/LcWyuSWnS8t12N1wc105Qtau+/OdUAjtQ0rA=",
        "owner": "numtide",
        "repo": "flake-utils",
        "rev": "5aed5285a952e0b949eb3ba02c12fa4fcfef535f",
        "type": "github"
      },
      "original": {
        "owner": "numtide",
        "repo": "flake-utils",
        "type": "github"
      }
    },
    "flake-utils_2": {
      "inputs": {
        "systems": "systems"
      },
      "locked": {
        "lastModified": 1701680307,
        "narHash": "sha256-kAuep2h5ajznlPMD9rnQyffWG8EM/C73lejGofXvdM8=",
        "owner": "numtide",
        "repo": "flake-utils",
        "rev": "4022d587cbbfd70fe950c1e2083a02621806a725",
        "type": "github"
      },
      "original": {
        "owner": "numtide",
        "repo": "flake-utils",
        "type": "github"
      }
    },
    "home-manager": {
      "inputs": {
        "nixpkgs": [
          "nixpkgs"
        ]
      },
      "locked": {
        "lastModified": 1702423270,
        "narHash": "sha256-3ZA5E+b2XBP+c9qGhWpRApzPq/PZtIPgkeEDpTBV4g8=",
        "owner": "nix-community",
        "repo": "home-manager",
        "rev": "d9297efd3a1c3ebb9027dc68f9da0ac002ae94db",
        "type": "github"
      },
      "original": {
        "owner": "nix-community",
        "repo": "home-manager",
        "type": "github"
      }
    },
    "impermanence": {
      "locked": {
        "lastModified": 1697303681,
        "narHash": "sha256-caJ0rXeagaih+xTgRduYtYKL1rZ9ylh06CIrt1w5B4g=",
        "owner": "nix-community",
        "repo": "impermanence",
        "rev": "0f317c2e9e56550ce12323eb39302d251618f5b5",
        "type": "github"
      },
      "original": {
        "owner": "nix-community",
        "repo": "impermanence",
        "type": "github"
      }
    },
    "jovian": {
      "inputs": {
        "nix-github-actions": "nix-github-actions",
        "nixpkgs": [
          "nixpkgs"
        ]
      },
      "locked": {
        "lastModified": 1702214253,
        "narHash": "sha256-2ltPtWUNNHnYaCK4E+py5+nXqNVccUTusidTdbT28Vw=",
        "owner": "Jovian-Experiments",
        "repo": "Jovian-NixOS",
        "rev": "ad708a479968eac4ed0aef9bc6dd7380cc6c15da",
        "type": "github"
      },
      "original": {
        "owner": "Jovian-Experiments",
        "repo": "Jovian-NixOS",
        "type": "github"
      }
    },
    "microvm": {
      "inputs": {
        "flake-utils": "flake-utils_2",
        "nixpkgs": [
          "nixpkgs"
        ]
      },
      "locked": {
        "lastModified": 1702284758,
        "narHash": "sha256-lId/Q7iSmsIwVZkJZqfDhLnT0AnbQkROY3NrgPiu7ac=",
        "owner": "astro",
        "repo": "microvm.nix",
        "rev": "252d7153e6faab321f012d9a0c6e290f888b8d0f",
        "type": "github"
      },
      "original": {
        "owner": "astro",
        "repo": "microvm.nix",
        "type": "github"
      }
    },
    "nix-github-actions": {
      "inputs": {
        "nixpkgs": [
          "jovian",
          "nixpkgs"
        ]
      },
      "locked": {
        "lastModified": 1690328911,
        "narHash": "sha256-fxtExYk+aGf2YbjeWQ8JY9/n9dwuEt+ma1eUFzF8Jeo=",
        "owner": "zhaofengli",
        "repo": "nix-github-actions",
        "rev": "96df4a39c52f53cb7098b923224d8ce941b64747",
        "type": "github"
      },
      "original": {
        "owner": "zhaofengli",
        "ref": "matrix-name",
        "repo": "nix-github-actions",
        "type": "github"
      }
    },
    "nixos-hardware": {
      "locked": {
        "lastModified": 1702453208,
        "narHash": "sha256-0wRi9SposfE2wHqjuKt8WO2izKB/ASDOV91URunIqgo=",
        "owner": "NixOS",
        "repo": "nixos-hardware",
        "rev": "7763c6fd1f299cb9361ff2abf755ed9619ef01d6",
        "type": "github"
      },
      "original": {
        "owner": "NixOS",
        "ref": "master",
        "repo": "nixos-hardware",
        "type": "github"
      }
    },
    "nixpkgs": {
      "locked": {
        "lastModified": 1702312524,
        "narHash": "sha256-gkZJRDBUCpTPBvQk25G0B7vfbpEYM5s5OZqghkjZsnE=",
        "owner": "NixOS",
        "repo": "nixpkgs",
        "rev": "a9bf124c46ef298113270b1f84a164865987a91c",
        "type": "github"
      },
      "original": {
        "owner": "NixOS",
        "ref": "nixos-unstable",
        "repo": "nixpkgs",
        "type": "github"
      }
    },
    "nixpkgs-stable": {
      "locked": {
        "lastModified": 1702233072,
        "narHash": "sha256-H5G2wgbim2Ku6G6w+NSaQaauv6B6DlPhY9fMvArKqRo=",
        "owner": "NixOS",
        "repo": "nixpkgs",
        "rev": "781e2a9797ecf0f146e81425c822dca69fe4a348",
        "type": "github"
      },
      "original": {
        "owner": "NixOS",
        "ref": "nixos-23.11",
        "repo": "nixpkgs",
        "type": "github"
      }
    },
    "nixpkgs-stable_2": {
      "locked": {
        "lastModified": 1702148972,
        "narHash": "sha256-h2jODFP6n+ABrUWcGRSVPRFfLOkM9TJ2pO+h+9JcaL0=",
        "owner": "NixOS",
        "repo": "nixpkgs",
        "rev": "b8f33c044e51de6dde3ad80a9676945e0e4e3227",
        "type": "github"
      },
      "original": {
        "owner": "NixOS",
        "ref": "release-23.05",
        "repo": "nixpkgs",
        "type": "github"
      }
    },
    "root": {
      "inputs": {
        "attic": "attic",
        "home-manager": "home-manager",
        "impermanence": "impermanence",
        "jovian": "jovian",
        "microvm": "microvm",
        "nixos-hardware": "nixos-hardware",
        "nixpkgs": "nixpkgs",
        "nixpkgs-stable": "nixpkgs-stable",
        "sops-nix": "sops-nix"
      }
    },
    "rust-overlay": {
      "inputs": {
        "flake-utils": [
          "attic",
          "crane",
          "flake-utils"
        ],
        "nixpkgs": [
          "attic",
          "crane",
          "nixpkgs"
        ]
      },
      "locked": {
        "lastModified": 1675391458,
        "narHash": "sha256-ukDKZw922BnK5ohL9LhwtaDAdCsJL7L6ScNEyF1lO9w=",
        "owner": "oxalica",
        "repo": "rust-overlay",
        "rev": "383a4acfd11d778d5c2efcf28376cbd845eeaedf",
        "type": "github"
      },
      "original": {
        "owner": "oxalica",
        "repo": "rust-overlay",
        "type": "github"
      }
    },
    "sops-nix": {
      "inputs": {
        "nixpkgs": [
          "nixpkgs"
        ],
        "nixpkgs-stable": "nixpkgs-stable_2"
      },
      "locked": {
        "lastModified": 1702177193,
        "narHash": "sha256-J2409SyXROoUHYXVy9h4Pj0VU8ReLuy/mzBc9iK4DBg=",
        "owner": "Mic92",
        "repo": "sops-nix",
        "rev": "d806e546f96c88cd9f7d91c1c19ebc99ba6277d9",
        "type": "github"
      },
      "original": {
        "owner": "Mic92",
        "repo": "sops-nix",
        "type": "github"
      }
    },
    "systems": {
      "locked": {
        "lastModified": 1681028828,
        "narHash": "sha256-Vy1rq5AaRuLzOxct8nz4T6wlgyUR7zLU309k9mBC768=",
        "owner": "nix-systems",
        "repo": "default",
        "rev": "da67096a3b9bf56a91d16901293e51ba5b49a27e",
        "type": "github"
      },
      "original": {
        "owner": "nix-systems",
        "repo": "default",
        "type": "github"
      }
    }
  },
  "root": "root",
  "version": 7
}
